
Microsoft Visual Studio Solution File, Format Version 12.00
# Visual Studio Version 17
VisualStudioVersion = 17.8.34316.72
MinimumVisualStudioVersion = 10.0.40219.1
Project("{2150E333-8FDC-42A3-9474-1A3956D46DE8}") = "1_DrivingAdapter", "1_DrivingAdapter", "{971C2D78-3A07-481D-BD37-E88B2816DB41}"
EndProject
Project("{2150E333-8FDC-42A3-9474-1A3956D46DE8}") = "2_Aplication", "2_Aplication", "{4519A1A6-3FE1-4C75-A3FA-9DC29247EF05}"
EndProject
Project("{2150E333-8FDC-42A3-9474-1A3956D46DE8}") = "3_Model", "3_Model", "{03009D71-D477-4F35-948A-594D5F11FDBF}"
EndProject
Project("{2150E333-8FDC-42A3-9474-1A3956D46DE8}") = "4_DriverAdapter", "4_DriverAdapter", "{4BC8F745-B9DD-40A6-B950-C5C142991C93}"
EndProject
Project("{FAE04EC0-301F-11D3-BF4B-00C04F79EFBC}") = "Apis", "1_DrivingAdapter\Apis\Apis.csproj", "{921F4FB0-7409-43E8-9A69-99942D8B010A}"
EndProject
Project("{FAE04EC0-301F-11D3-BF4B-00C04F79EFBC}") = "ExemploAplication", "2_Aplication\ExemploAplication\ExemploAplication.csproj", "{66FED584-8DE3-4DF3-86E5-EF46E5B53203}"
EndProject
Project("{FAE04EC0-301F-11D3-BF4B-00C04F79EFBC}") = "ExemploModel", "3_Model\ExemploModel\ExemploModel.csproj", "{7411D459-55E0-4E6B-A85C-B9229E55EB20}"
EndProject
Project("{FAE04EC0-301F-11D3-BF4B-00C04F79EFBC}") = "Repositories", "4_DriverAdapter\Repositories\Repositories.csproj", "{073CFF28-0492-425B-97AE-107AC0A77120}"
EndProject
Global
	GlobalSection(SolutionConfigurationPlatforms) = preSolution
		Debug|Any CPU = Debug|Any CPU
		Release|Any CPU = Release|Any CPU
	EndGlobalSection
	GlobalSection(ProjectConfigurationPlatforms) = postSolution
		{921F4FB0-7409-43E8-9A69-99942D8B010A}.Debug|Any CPU.ActiveCfg = Debug|Any CPU
		{921F4FB0-7409-43E8-9A69-99942D8B010A}.Debug|Any CPU.Build.0 = Debug|Any CPU
		{921F4FB0-7409-43E8-9A69-99942D8B010A}.Release|Any CPU.ActiveCfg = Release|Any CPU
		{921F4FB0-7409-43E8-9A69-99942D8B010A}.Release|Any CPU.Build.0 = Release|Any CPU
		{66FED584-8DE3-4DF3-86E5-EF46E5B53203}.Debug|Any CPU.ActiveCfg = Debug|Any CPU
		{66FED584-8DE3-4DF3-86E5-EF46E5B53203}.Debug|Any CPU.Build.0 = Debug|Any CPU
		{66FED584-8DE3-4DF3-86E5-EF46E5B53203}.Release|Any CPU.ActiveCfg = Release|Any CPU
		{66FED584-8DE3-4DF3-86E5-EF46E5B53203}.Release|Any CPU.Build.0 = Release|Any CPU
		{7411D459-55E0-4E6B-A85C-B9229E55EB20}.Debug|Any CPU.ActiveCfg = Debug|Any CPU
		{7411D459-55E0-4E6B-A85C-B9229E55EB20}.Debug|Any CPU.Build.0 = Debug|Any CPU
		{7411D459-55E0-4E6B-A85C-B9229E55EB20}.Release|Any CPU.ActiveCfg = Release|Any CPU
		{7411D459-55E0-4E6B-A85C-B9229E55EB20}.Release|Any CPU.Build.0 = Release|Any CPU
		{073CFF28-0492-425B-97AE-107AC0A77120}.Debug|Any CPU.ActiveCfg = Debug|Any CPU
		{073CFF28-0492-425B-97AE-107AC0A77120}.Debug|Any CPU.Build.0 = Debug|Any CPU
		{073CFF28-0492-425B-97AE-107AC0A77120}.Release|Any CPU.ActiveCfg = Release|Any CPU
		{073CFF28-0492-425B-97AE-107AC0A77120}.Release|Any CPU.Build.0 = Release|Any CPU
	EndGlobalSection
	GlobalSection(SolutionProperties) = preSolution
		HideSolutionNode = FALSE
	EndGlobalSection
	GlobalSection(NestedProjects) = preSolution
		{921F4FB0-7409-43E8-9A69-99942D8B010A} = {971C2D78-3A07-481D-BD37-E88B2816DB41}
		{66FED584-8DE3-4DF3-86E5-EF46E5B53203} = {4519A1A6-3FE1-4C75-A3FA-9DC29247EF05}
		{7411D459-55E0-4E6B-A85C-B9229E55EB20} = {03009D71-D477-4F35-948A-594D5F11FDBF}
		{073CFF28-0492-425B-97AE-107AC0A77120} = {4BC8F745-B9DD-40A6-B950-C5C142991C93}
	EndGlobalSection
	GlobalSection(ExtensibilityGlobals) = postSolution
		SolutionGuid = {8B53F490-F8FE-40A7-BDED-BA5E8423FD49}
	EndGlobalSection
EndGlobal
